
Microsoft Visual Studio Solution File, Format Version 11.00
# Visual Studio 2010
Project("{FAE04EC0-301F-11D3-BF4B-00C04F79EFBC}") = "Site", "Site\Site.csproj", "{53CB63D4-3343-40B7-B4E1-99B36FB868A9}"
EndProject
Project("{FAE04EC0-301F-11D3-BF4B-00C04F79EFBC}") = "Core", "Core\Core.csproj", "{BF5A70D6-912D-472E-A1F7-607B88F062BB}"
EndProject
Project("{FAE04EC0-301F-11D3-BF4B-00C04F79EFBC}") = "Core.Tests", "Core.Tests\Core.Tests.csproj", "{93813FFE-7AD9-40A3-96DF-A00A8C5137F8}"
EndProject
Project("{FAE04EC0-301F-11D3-BF4B-00C04F79EFBC}") = "Site.Tests", "Site.Tests\Site.Tests.csproj", "{C56FF232-5221-4297-85CD-1891039D24AC}"
EndProject
Project("{2150E333-8FDC-42A3-9474-1A3956D46DE8}") = "$libraries", "$libraries", "{BAF74785-A607-4481-84B6-3288545F3493}"
	ProjectSection(SolutionItems) = preProject
		$libraries\ExifLibrary.dll = $libraries\ExifLibrary.dll
	EndProjectSection
EndProject
Project("{FAE04EC0-301F-11D3-BF4B-00C04F79EFBC}") = "AshMind.IO.Abstraction", "$libraries\AshMind.IO.Abstraction\AshMind.IO.Abstraction.csproj", "{EB2E231C-3FF4-4FE7-9B51-FDE4127F7DD5}"
EndProject
Project("{FAE04EC0-301F-11D3-BF4B-00C04F79EFBC}") = "Integration", "Integration\Integration.csproj", "{343737E8-EA84-4965-8BD9-C38A422F52AD}"
EndProject
Project("{FAE04EC0-301F-11D3-BF4B-00C04F79EFBC}") = "Integration.Picasa", "Integration.Picasa\Integration.Picasa.csproj", "{48284DFD-9467-4B44-B4F3-F4B3CFCFD0E0}"
EndProject
Project("{FAE04EC0-301F-11D3-BF4B-00C04F79EFBC}") = "Integration.Picasa.Tests", "Integration.Picasa.Tests\Integration.Picasa.Tests.csproj", "{90D45E07-3BF4-4F54-BFD8-82CB33BD5798}"
EndProject
Project("{FAE04EC0-301F-11D3-BF4B-00C04F79EFBC}") = "Imaging", "Imaging\Imaging.csproj", "{7B242166-BEE1-48DF-9D40-FE3CD8C773AB}"
EndProject
Project("{FAE04EC0-301F-11D3-BF4B-00C04F79EFBC}") = "Imaging.GdiPlus", "Imaging.GdiPlus\Imaging.GdiPlus.csproj", "{C6C4B0DA-D4EA-45C2-AABD-9B2E609FDBEF}"
EndProject
Global
	GlobalSection(SolutionConfigurationPlatforms) = preSolution
		Debug|Any CPU = Debug|Any CPU
		Release|Any CPU = Release|Any CPU
	EndGlobalSection
	GlobalSection(ProjectConfigurationPlatforms) = postSolution
		{53CB63D4-3343-40B7-B4E1-99B36FB868A9}.Debug|Any CPU.ActiveCfg = Debug|Any CPU
		{53CB63D4-3343-40B7-B4E1-99B36FB868A9}.Debug|Any CPU.Build.0 = Debug|Any CPU
		{53CB63D4-3343-40B7-B4E1-99B36FB868A9}.Release|Any CPU.ActiveCfg = Release|Any CPU
		{53CB63D4-3343-40B7-B4E1-99B36FB868A9}.Release|Any CPU.Build.0 = Release|Any CPU
		{BF5A70D6-912D-472E-A1F7-607B88F062BB}.Debug|Any CPU.ActiveCfg = Debug|Any CPU
		{BF5A70D6-912D-472E-A1F7-607B88F062BB}.Debug|Any CPU.Build.0 = Debug|Any CPU
		{BF5A70D6-912D-472E-A1F7-607B88F062BB}.Release|Any CPU.ActiveCfg = Release|Any CPU
		{BF5A70D6-912D-472E-A1F7-607B88F062BB}.Release|Any CPU.Build.0 = Release|Any CPU
		{93813FFE-7AD9-40A3-96DF-A00A8C5137F8}.Debug|Any CPU.ActiveCfg = Debug|Any CPU
		{93813FFE-7AD9-40A3-96DF-A00A8C5137F8}.Debug|Any CPU.Build.0 = Debug|Any CPU
		{93813FFE-7AD9-40A3-96DF-A00A8C5137F8}.Release|Any CPU.ActiveCfg = Release|Any CPU
		{93813FFE-7AD9-40A3-96DF-A00A8C5137F8}.Release|Any CPU.Build.0 = Release|Any CPU
		{C56FF232-5221-4297-85CD-1891039D24AC}.Debug|Any CPU.ActiveCfg = Debug|Any CPU
		{C56FF232-5221-4297-85CD-1891039D24AC}.Debug|Any CPU.Build.0 = Debug|Any CPU
		{C56FF232-5221-4297-85CD-1891039D24AC}.Release|Any CPU.ActiveCfg = Release|Any CPU
		{C56FF232-5221-4297-85CD-1891039D24AC}.Release|Any CPU.Build.0 = Release|Any CPU
		{EB2E231C-3FF4-4FE7-9B51-FDE4127F7DD5}.Debug|Any CPU.ActiveCfg = Debug|Any CPU
		{EB2E231C-3FF4-4FE7-9B51-FDE4127F7DD5}.Debug|Any CPU.Build.0 = Debug|Any CPU
		{EB2E231C-3FF4-4FE7-9B51-FDE4127F7DD5}.Release|Any CPU.ActiveCfg = Release|Any CPU
		{EB2E231C-3FF4-4FE7-9B51-FDE4127F7DD5}.Release|Any CPU.Build.0 = Release|Any CPU
		{343737E8-EA84-4965-8BD9-C38A422F52AD}.Debug|Any CPU.ActiveCfg = Debug|Any CPU
		{343737E8-EA84-4965-8BD9-C38A422F52AD}.Debug|Any CPU.Build.0 = Debug|Any CPU
		{343737E8-EA84-4965-8BD9-C38A422F52AD}.Release|Any CPU.ActiveCfg = Release|Any CPU
		{343737E8-EA84-4965-8BD9-C38A422F52AD}.Release|Any CPU.Build.0 = Release|Any CPU
		{48284DFD-9467-4B44-B4F3-F4B3CFCFD0E0}.Debug|Any CPU.ActiveCfg = Debug|Any CPU
		{48284DFD-9467-4B44-B4F3-F4B3CFCFD0E0}.Debug|Any CPU.Build.0 = Debug|Any CPU
		{48284DFD-9467-4B44-B4F3-F4B3CFCFD0E0}.Release|Any CPU.ActiveCfg = Release|Any CPU
		{48284DFD-9467-4B44-B4F3-F4B3CFCFD0E0}.Release|Any CPU.Build.0 = Release|Any CPU
		{90D45E07-3BF4-4F54-BFD8-82CB33BD5798}.Debug|Any CPU.ActiveCfg = Debug|Any CPU
		{90D45E07-3BF4-4F54-BFD8-82CB33BD5798}.Debug|Any CPU.Build.0 = Debug|Any CPU
		{90D45E07-3BF4-4F54-BFD8-82CB33BD5798}.Release|Any CPU.ActiveCfg = Release|Any CPU
		{90D45E07-3BF4-4F54-BFD8-82CB33BD5798}.Release|Any CPU.Build.0 = Release|Any CPU
		{7B242166-BEE1-48DF-9D40-FE3CD8C773AB}.Debug|Any CPU.ActiveCfg = Debug|Any CPU
		{7B242166-BEE1-48DF-9D40-FE3CD8C773AB}.Debug|Any CPU.Build.0 = Debug|Any CPU
		{7B242166-BEE1-48DF-9D40-FE3CD8C773AB}.Release|Any CPU.ActiveCfg = Release|Any CPU
		{7B242166-BEE1-48DF-9D40-FE3CD8C773AB}.Release|Any CPU.Build.0 = Release|Any CPU
		{C6C4B0DA-D4EA-45C2-AABD-9B2E609FDBEF}.Debug|Any CPU.ActiveCfg = Debug|Any CPU
		{C6C4B0DA-D4EA-45C2-AABD-9B2E609FDBEF}.Debug|Any CPU.Build.0 = Debug|Any CPU
		{C6C4B0DA-D4EA-45C2-AABD-9B2E609FDBEF}.Release|Any CPU.ActiveCfg = Release|Any CPU
		{C6C4B0DA-D4EA-45C2-AABD-9B2E609FDBEF}.Release|Any CPU.Build.0 = Release|Any CPU
	EndGlobalSection
	GlobalSection(SolutionProperties) = preSolution
		HideSolutionNode = FALSE
	EndGlobalSection
	GlobalSection(NestedProjects) = preSolution
		{EB2E231C-3FF4-4FE7-9B51-FDE4127F7DD5} = {BAF74785-A607-4481-84B6-3288545F3493}
	EndGlobalSection
EndGlobal
