
Microsoft Visual Studio Solution File, Format Version 11.00
# Visual Studio 2010
Project("{FAE04EC0-301F-11D3-BF4B-00C04F79EFBC}") = "Site", "Site\Site.csproj", "{53CB63D4-3343-40B7-B4E1-99B36FB868A9}"
EndProject
Project("{FAE04EC0-301F-11D3-BF4B-00C04F79EFBC}") = "Core", "Core\Core.csproj", "{BF5A70D6-912D-472E-A1F7-607B88F062BB}"
EndProject
Project("{FAE04EC0-301F-11D3-BF4B-00C04F79EFBC}") = "Core.Tests", "Core.Tests\Core.Tests.csproj", "{93813FFE-7AD9-40A3-96DF-A00A8C5137F8}"
EndProject
Project("{FAE04EC0-301F-11D3-BF4B-00C04F79EFBC}") = "Site.Tests", "Site.Tests\Site.Tests.csproj", "{C56FF232-5221-4297-85CD-1891039D24AC}"
EndProject
Project("{2150E333-8FDC-42A3-9474-1A3956D46DE8}") = ".Libraries", ".Libraries", "{BAF74785-A607-4481-84B6-3288545F3493}"
	ProjectSection(SolutionItems) = preProject
		.Libraries\ExifLibrary.dll = .Libraries\ExifLibrary.dll
	EndProjectSection
EndProject
Global
	GlobalSection(SolutionConfigurationPlatforms) = preSolution
		Debug|Any CPU = Debug|Any CPU
		Release|Any CPU = Release|Any CPU
	EndGlobalSection
	GlobalSection(ProjectConfigurationPlatforms) = postSolution
		{53CB63D4-3343-40B7-B4E1-99B36FB868A9}.Debug|Any CPU.ActiveCfg = Debug|Any CPU
		{53CB63D4-3343-40B7-B4E1-99B36FB868A9}.Debug|Any CPU.Build.0 = Debug|Any CPU
		{53CB63D4-3343-40B7-B4E1-99B36FB868A9}.Release|Any CPU.ActiveCfg = Release|Any CPU
		{53CB63D4-3343-40B7-B4E1-99B36FB868A9}.Release|Any CPU.Build.0 = Release|Any CPU
		{BF5A70D6-912D-472E-A1F7-607B88F062BB}.Debug|Any CPU.ActiveCfg = Debug|Any CPU
		{BF5A70D6-912D-472E-A1F7-607B88F062BB}.Debug|Any CPU.Build.0 = Debug|Any CPU
		{BF5A70D6-912D-472E-A1F7-607B88F062BB}.Release|Any CPU.ActiveCfg = Release|Any CPU
		{BF5A70D6-912D-472E-A1F7-607B88F062BB}.Release|Any CPU.Build.0 = Release|Any CPU
		{93813FFE-7AD9-40A3-96DF-A00A8C5137F8}.Debug|Any CPU.ActiveCfg = Debug|Any CPU
		{93813FFE-7AD9-40A3-96DF-A00A8C5137F8}.Debug|Any CPU.Build.0 = Debug|Any CPU
		{93813FFE-7AD9-40A3-96DF-A00A8C5137F8}.Release|Any CPU.ActiveCfg = Release|Any CPU
		{93813FFE-7AD9-40A3-96DF-A00A8C5137F8}.Release|Any CPU.Build.0 = Release|Any CPU
		{C56FF232-5221-4297-85CD-1891039D24AC}.Debug|Any CPU.ActiveCfg = Debug|Any CPU
		{C56FF232-5221-4297-85CD-1891039D24AC}.Debug|Any CPU.Build.0 = Debug|Any CPU
		{C56FF232-5221-4297-85CD-1891039D24AC}.Release|Any CPU.ActiveCfg = Release|Any CPU
		{C56FF232-5221-4297-85CD-1891039D24AC}.Release|Any CPU.Build.0 = Release|Any CPU
	EndGlobalSection
	GlobalSection(SolutionProperties) = preSolution
		HideSolutionNode = FALSE
	EndGlobalSection
EndGlobal
